
Microsoft Visual Studio Solution File, Format Version 12.00
# Visual Studio Version 17
VisualStudioVersion = 17.4.33403.182
MinimumVisualStudioVersion = 10.0.40219.1
Project("{9A19103F-16F7-4668-BE54-9A1E7A4A7556}") = "PlayerBenchmarker", "PlayerBenchmarker.csproj", "{D10E3DFA-FDDF-4B39-B221-6EDEA9EDA69B}"
EndProject
	GlobalSection(SolutionConfigurationPlatforms) = preSolution
		Debug Launch RP|Any CPU = Debug Launch RP|Any CPU
		Debug Launch RP|x64 = Debug Launch RP|x64
		Debug Launch RP|x86 = Debug Launch RP|x86
		Debug|Any CPU = Debug|Any CPU
		Debug|x64 = Debug|x64
		Debug|x86 = Debug|x86
		Release|Any CPU = Release|Any CPU
		Release|x64 = Release|x64
		Release|x86 = Release|x86
	EndGlobalSection
	GlobalSection(ProjectConfigurationPlatforms) = postSolution
		{D10E3DFA-FDDF-4B39-B221-6EDEA9EDA69B}.Debug Launch RP|Any CPU.ActiveCfg = Release|x64
		{D10E3DFA-FDDF-4B39-B221-6EDEA9EDA69B}.Debug Launch RP|Any CPU.Build.0 = Release|x64
		{D10E3DFA-FDDF-4B39-B221-6EDEA9EDA69B}.Debug Launch RP|x64.ActiveCfg = Debug|x64
		{D10E3DFA-FDDF-4B39-B221-6EDEA9EDA69B}.Debug Launch RP|x64.Build.0 = Debug|x64
		{D10E3DFA-FDDF-4B39-B221-6EDEA9EDA69B}.Debug Launch RP|x86.ActiveCfg = Debug|x64
		{D10E3DFA-FDDF-4B39-B221-6EDEA9EDA69B}.Debug Launch RP|x86.Build.0 = Debug|x64
		{D10E3DFA-FDDF-4B39-B221-6EDEA9EDA69B}.Debug|Any CPU.ActiveCfg = Debug|x64
		{D10E3DFA-FDDF-4B39-B221-6EDEA9EDA69B}.Debug|x64.ActiveCfg = Debug|x64
		{D10E3DFA-FDDF-4B39-B221-6EDEA9EDA69B}.Debug|x64.Build.0 = Debug|x64
		{D10E3DFA-FDDF-4B39-B221-6EDEA9EDA69B}.Debug|x86.ActiveCfg = Debug|x64
		{D10E3DFA-FDDF-4B39-B221-6EDEA9EDA69B}.Debug|x86.Build.0 = Debug|x64
		{D10E3DFA-FDDF-4B39-B221-6EDEA9EDA69B}.Release|Any CPU.ActiveCfg = Release|x64
		{D10E3DFA-FDDF-4B39-B221-6EDEA9EDA69B}.Release|x64.ActiveCfg = Release|x64
		{D10E3DFA-FDDF-4B39-B221-6EDEA9EDA69B}.Release|x64.Build.0 = Release|x64
		{D10E3DFA-FDDF-4B39-B221-6EDEA9EDA69B}.Release|x86.ActiveCfg = Release|x64
		{D10E3DFA-FDDF-4B39-B221-6EDEA9EDA69B}.Release|x86.Build.0 = Release|x64
		{67F6D2CD-817A-4B12-9ABD-67DD84A2F87D}.Debug Launch RP|Any CPU.ActiveCfg = Release|x64
		{67F6D2CD-817A-4B12-9ABD-67DD84A2F87D}.Debug Launch RP|Any CPU.Build.0 = Release|x64
		{67F6D2CD-817A-4B12-9ABD-67DD84A2F87D}.Debug Launch RP|x64.ActiveCfg = Debug|x64
		{67F6D2CD-817A-4B12-9ABD-67DD84A2F87D}.Debug Launch RP|x64.Build.0 = Debug|x64
		{67F6D2CD-817A-4B12-9ABD-67DD84A2F87D}.Debug Launch RP|x86.ActiveCfg = Debug|x64
		{67F6D2CD-817A-4B12-9ABD-67DD84A2F87D}.Debug Launch RP|x86.Build.0 = Debug|x64
		{67F6D2CD-817A-4B12-9ABD-67DD84A2F87D}.Debug|Any CPU.ActiveCfg = Debug|x64
		{67F6D2CD-817A-4B12-9ABD-67DD84A2F87D}.Debug|x64.ActiveCfg = Debug|x64
		{67F6D2CD-817A-4B12-9ABD-67DD84A2F87D}.Debug|x64.Build.0 = Debug|x64
		{67F6D2CD-817A-4B12-9ABD-67DD84A2F87D}.Debug|x86.ActiveCfg = Debug|x64
		{67F6D2CD-817A-4B12-9ABD-67DD84A2F87D}.Debug|x86.Build.0 = Debug|x64
		{67F6D2CD-817A-4B12-9ABD-67DD84A2F87D}.Release|Any CPU.ActiveCfg = Release|x64
		{67F6D2CD-817A-4B12-9ABD-67DD84A2F87D}.Release|x64.ActiveCfg = Release|x64
		{67F6D2CD-817A-4B12-9ABD-67DD84A2F87D}.Release|x64.Build.0 = Release|x64
		{67F6D2CD-817A-4B12-9ABD-67DD84A2F87D}.Release|x86.ActiveCfg = Release|x64
		{67F6D2CD-817A-4B12-9ABD-67DD84A2F87D}.Release|x86.Build.0 = Release|x64
		{B9C86131-49A5-4436-9CB5-DBED3CD22D7D}.Debug Launch RP|Any CPU.ActiveCfg = Release|x64
		{B9C86131-49A5-4436-9CB5-DBED3CD22D7D}.Debug Launch RP|Any CPU.Build.0 = Release|x64
		{B9C86131-49A5-4436-9CB5-DBED3CD22D7D}.Debug Launch RP|x64.ActiveCfg = Debug|x64
		{B9C86131-49A5-4436-9CB5-DBED3CD22D7D}.Debug Launch RP|x64.Build.0 = Debug|x64
		{B9C86131-49A5-4436-9CB5-DBED3CD22D7D}.Debug Launch RP|x86.ActiveCfg = Debug|x64
		{B9C86131-49A5-4436-9CB5-DBED3CD22D7D}.Debug Launch RP|x86.Build.0 = Debug|x64
		{B9C86131-49A5-4436-9CB5-DBED3CD22D7D}.Debug|Any CPU.ActiveCfg = Debug|x64
		{B9C86131-49A5-4436-9CB5-DBED3CD22D7D}.Debug|x64.ActiveCfg = Debug|x64
		{B9C86131-49A5-4436-9CB5-DBED3CD22D7D}.Debug|x64.Build.0 = Debug|x64
		{B9C86131-49A5-4436-9CB5-DBED3CD22D7D}.Debug|x86.ActiveCfg = Debug|x64
		{B9C86131-49A5-4436-9CB5-DBED3CD22D7D}.Debug|x86.Build.0 = Debug|x64
		{B9C86131-49A5-4436-9CB5-DBED3CD22D7D}.Release|Any CPU.ActiveCfg = Release|x64
		{B9C86131-49A5-4436-9CB5-DBED3CD22D7D}.Release|x64.ActiveCfg = Release|x64
		{B9C86131-49A5-4436-9CB5-DBED3CD22D7D}.Release|x64.Build.0 = Release|x64
		{B9C86131-49A5-4436-9CB5-DBED3CD22D7D}.Release|x86.ActiveCfg = Release|x64
		{B9C86131-49A5-4436-9CB5-DBED3CD22D7D}.Release|x86.Build.0 = Release|x64
		{8E0194C6-714D-4771-81C3-C72655D83F4E}.Debug Launch RP|Any CPU.ActiveCfg = Release|x64
		{8E0194C6-714D-4771-81C3-C72655D83F4E}.Debug Launch RP|Any CPU.Build.0 = Release|x64
		{8E0194C6-714D-4771-81C3-C72655D83F4E}.Debug Launch RP|x64.ActiveCfg = Debug|x64
		{8E0194C6-714D-4771-81C3-C72655D83F4E}.Debug Launch RP|x64.Build.0 = Debug|x64
		{8E0194C6-714D-4771-81C3-C72655D83F4E}.Debug Launch RP|x86.ActiveCfg = Debug|x64
		{8E0194C6-714D-4771-81C3-C72655D83F4E}.Debug Launch RP|x86.Build.0 = Debug|x64
		{8E0194C6-714D-4771-81C3-C72655D83F4E}.Debug|Any CPU.ActiveCfg = Debug|x64
		{8E0194C6-714D-4771-81C3-C72655D83F4E}.Debug|x64.ActiveCfg = Debug|x64
		{8E0194C6-714D-4771-81C3-C72655D83F4E}.Debug|x64.Build.0 = Debug|x64
		{8E0194C6-714D-4771-81C3-C72655D83F4E}.Debug|x86.ActiveCfg = Debug|x64
		{8E0194C6-714D-4771-81C3-C72655D83F4E}.Debug|x86.Build.0 = Debug|x64
		{8E0194C6-714D-4771-81C3-C72655D83F4E}.Release|Any CPU.ActiveCfg = Release|x64
		{8E0194C6-714D-4771-81C3-C72655D83F4E}.Release|x64.ActiveCfg = Release|x64
		{8E0194C6-714D-4771-81C3-C72655D83F4E}.Release|x64.Build.0 = Release|x64
		{8E0194C6-714D-4771-81C3-C72655D83F4E}.Release|x86.ActiveCfg = Release|x64
		{8E0194C6-714D-4771-81C3-C72655D83F4E}.Release|x86.Build.0 = Release|x64
		{2C7C5202-98F1-4F8C-B160-E06A210BEE34}.Debug Launch RP|Any CPU.ActiveCfg = Debug|Any CPU
		{2C7C5202-98F1-4F8C-B160-E06A210BEE34}.Debug Launch RP|Any CPU.Build.0 = Debug|Any CPU
		{2C7C5202-98F1-4F8C-B160-E06A210BEE34}.Debug Launch RP|x64.ActiveCfg = Debug|x64
		{2C7C5202-98F1-4F8C-B160-E06A210BEE34}.Debug Launch RP|x64.Build.0 = Debug|x64
		{2C7C5202-98F1-4F8C-B160-E06A210BEE34}.Debug Launch RP|x86.ActiveCfg = Debug|Any CPU
		{2C7C5202-98F1-4F8C-B160-E06A210BEE34}.Debug Launch RP|x86.Build.0 = Debug|Any CPU
		{2C7C5202-98F1-4F8C-B160-E06A210BEE34}.Debug|Any CPU.ActiveCfg = Debug|Any CPU
		{2C7C5202-98F1-4F8C-B160-E06A210BEE34}.Debug|Any CPU.Build.0 = Debug|Any CPU
		{2C7C5202-98F1-4F8C-B160-E06A210BEE34}.Debug|x64.ActiveCfg = Debug|x64
		{2C7C5202-98F1-4F8C-B160-E06A210BEE34}.Debug|x64.Build.0 = Debug|x64
		{2C7C5202-98F1-4F8C-B160-E06A210BEE34}.Debug|x86.ActiveCfg = Debug|Any CPU
		{2C7C5202-98F1-4F8C-B160-E06A210BEE34}.Debug|x86.Build.0 = Debug|Any CPU
		{2C7C5202-98F1-4F8C-B160-E06A210BEE34}.Release|Any CPU.ActiveCfg = Release|Any CPU
		{2C7C5202-98F1-4F8C-B160-E06A210BEE34}.Release|Any CPU.Build.0 = Release|Any CPU
		{2C7C5202-98F1-4F8C-B160-E06A210BEE34}.Release|x64.ActiveCfg = Release|x64
		{2C7C5202-98F1-4F8C-B160-E06A210BEE34}.Release|x64.Build.0 = Release|x64
		{2C7C5202-98F1-4F8C-B160-E06A210BEE34}.Release|x86.ActiveCfg = Release|Any CPU
		{2C7C5202-98F1-4F8C-B160-E06A210BEE34}.Release|x86.Build.0 = Release|Any CPU
		{45697B65-B827-4D25-A310-A961814BAF85}.Debug Launch RP|Any CPU.ActiveCfg = Debug|Any CPU
		{45697B65-B827-4D25-A310-A961814BAF85}.Debug Launch RP|Any CPU.Build.0 = Debug|Any CPU
		{45697B65-B827-4D25-A310-A961814BAF85}.Debug Launch RP|x64.ActiveCfg = Debug|x64
		{45697B65-B827-4D25-A310-A961814BAF85}.Debug Launch RP|x64.Build.0 = Debug|x64
		{45697B65-B827-4D25-A310-A961814BAF85}.Debug Launch RP|x86.ActiveCfg = Debug|x86
		{45697B65-B827-4D25-A310-A961814BAF85}.Debug Launch RP|x86.Build.0 = Debug|x86
		{45697B65-B827-4D25-A310-A961814BAF85}.Debug|Any CPU.ActiveCfg = Debug|Any CPU
		{45697B65-B827-4D25-A310-A961814BAF85}.Debug|Any CPU.Build.0 = Debug|Any CPU
		{45697B65-B827-4D25-A310-A961814BAF85}.Debug|x64.ActiveCfg = Debug|x64
		{45697B65-B827-4D25-A310-A961814BAF85}.Debug|x64.Build.0 = Debug|x64
		{45697B65-B827-4D25-A310-A961814BAF85}.Debug|x86.ActiveCfg = Debug|x86
		{45697B65-B827-4D25-A310-A961814BAF85}.Debug|x86.Build.0 = Debug|x86
		{45697B65-B827-4D25-A310-A961814BAF85}.Release|Any CPU.ActiveCfg = Release|Any CPU
		{45697B65-B827-4D25-A310-A961814BAF85}.Release|Any CPU.Build.0 = Release|Any CPU
		{45697B65-B827-4D25-A310-A961814BAF85}.Release|x64.ActiveCfg = Release|x64
		{45697B65-B827-4D25-A310-A961814BAF85}.Release|x64.Build.0 = Release|x64
		{45697B65-B827-4D25-A310-A961814BAF85}.Release|x86.ActiveCfg = Release|x86
		{45697B65-B827-4D25-A310-A961814BAF85}.Release|x86.Build.0 = Release|x86
		{0790B238-3DBB-419A-A147-04EA02262F05}.Debug Launch RP|Any CPU.ActiveCfg = Release|x64
		{0790B238-3DBB-419A-A147-04EA02262F05}.Debug Launch RP|Any CPU.Build.0 = Release|x64
		{0790B238-3DBB-419A-A147-04EA02262F05}.Debug Launch RP|x64.ActiveCfg = Debug|x64
		{0790B238-3DBB-419A-A147-04EA02262F05}.Debug Launch RP|x64.Build.0 = Debug|x64
		{0790B238-3DBB-419A-A147-04EA02262F05}.Debug Launch RP|x86.ActiveCfg = Debug|Any CPU
		{0790B238-3DBB-419A-A147-04EA02262F05}.Debug Launch RP|x86.Build.0 = Debug|Any CPU
		{0790B238-3DBB-419A-A147-04EA02262F05}.Debug|Any CPU.ActiveCfg = Debug|x64
		{0790B238-3DBB-419A-A147-04EA02262F05}.Debug|x64.ActiveCfg = Debug|x64
		{0790B238-3DBB-419A-A147-04EA02262F05}.Debug|x64.Build.0 = Debug|x64
		{0790B238-3DBB-419A-A147-04EA02262F05}.Debug|x86.ActiveCfg = Debug|Any CPU
		{0790B238-3DBB-419A-A147-04EA02262F05}.Debug|x86.Build.0 = Debug|Any CPU
		{0790B238-3DBB-419A-A147-04EA02262F05}.Release|Any CPU.ActiveCfg = Release|x64
		{0790B238-3DBB-419A-A147-04EA02262F05}.Release|x64.ActiveCfg = Release|x64
		{0790B238-3DBB-419A-A147-04EA02262F05}.Release|x64.Build.0 = Release|x64
		{0790B238-3DBB-419A-A147-04EA02262F05}.Release|x86.ActiveCfg = Release|Any CPU
		{0790B238-3DBB-419A-A147-04EA02262F05}.Release|x86.Build.0 = Release|Any CPU
		{58828DE7-D417-4CBC-905C-9C38BC05C9D2}.Debug Launch RP|Any CPU.ActiveCfg = Release|x64
		{58828DE7-D417-4CBC-905C-9C38BC05C9D2}.Debug Launch RP|Any CPU.Build.0 = Release|x64
		{58828DE7-D417-4CBC-905C-9C38BC05C9D2}.Debug Launch RP|x64.ActiveCfg = Debug|x64
		{58828DE7-D417-4CBC-905C-9C38BC05C9D2}.Debug Launch RP|x64.Build.0 = Debug|x64
		{58828DE7-D417-4CBC-905C-9C38BC05C9D2}.Debug Launch RP|x86.ActiveCfg = Debug|x64
		{58828DE7-D417-4CBC-905C-9C38BC05C9D2}.Debug Launch RP|x86.Build.0 = Debug|x64
		{58828DE7-D417-4CBC-905C-9C38BC05C9D2}.Debug|Any CPU.ActiveCfg = Debug|x64
		{58828DE7-D417-4CBC-905C-9C38BC05C9D2}.Debug|x64.ActiveCfg = Debug|x64
		{58828DE7-D417-4CBC-905C-9C38BC05C9D2}.Debug|x64.Build.0 = Debug|x64
		{58828DE7-D417-4CBC-905C-9C38BC05C9D2}.Debug|x86.ActiveCfg = Debug|x64
		{58828DE7-D417-4CBC-905C-9C38BC05C9D2}.Debug|x86.Build.0 = Debug|x64
		{58828DE7-D417-4CBC-905C-9C38BC05C9D2}.Release|Any CPU.ActiveCfg = Release|x64
		{58828DE7-D417-4CBC-905C-9C38BC05C9D2}.Release|x64.ActiveCfg = Release|x64
		{58828DE7-D417-4CBC-905C-9C38BC05C9D2}.Release|x64.Build.0 = Release|x64
		{58828DE7-D417-4CBC-905C-9C38BC05C9D2}.Release|x86.ActiveCfg = Release|x64
		{58828DE7-D417-4CBC-905C-9C38BC05C9D2}.Release|x86.Build.0 = Release|x64
		{7BDB8784-93D5-4DE1-BFC7-E1D59D7B196A}.Debug Launch RP|Any CPU.ActiveCfg = Release|x64
		{7BDB8784-93D5-4DE1-BFC7-E1D59D7B196A}.Debug Launch RP|Any CPU.Build.0 = Release|x64
		{7BDB8784-93D5-4DE1-BFC7-E1D59D7B196A}.Debug Launch RP|x64.ActiveCfg = Debug|x64
		{7BDB8784-93D5-4DE1-BFC7-E1D59D7B196A}.Debug Launch RP|x64.Build.0 = Debug|x64
		{7BDB8784-93D5-4DE1-BFC7-E1D59D7B196A}.Debug Launch RP|x86.ActiveCfg = Debug|Any CPU
		{7BDB8784-93D5-4DE1-BFC7-E1D59D7B196A}.Debug Launch RP|x86.Build.0 = Debug|Any CPU
		{7BDB8784-93D5-4DE1-BFC7-E1D59D7B196A}.Debug|Any CPU.ActiveCfg = Debug|x64
		{7BDB8784-93D5-4DE1-BFC7-E1D59D7B196A}.Debug|x64.ActiveCfg = Debug|x64
		{7BDB8784-93D5-4DE1-BFC7-E1D59D7B196A}.Debug|x64.Build.0 = Debug|x64
		{7BDB8784-93D5-4DE1-BFC7-E1D59D7B196A}.Debug|x86.ActiveCfg = Debug|Any CPU
		{7BDB8784-93D5-4DE1-BFC7-E1D59D7B196A}.Debug|x86.Build.0 = Debug|Any CPU
		{7BDB8784-93D5-4DE1-BFC7-E1D59D7B196A}.Release|Any CPU.ActiveCfg = Release|x64
		{7BDB8784-93D5-4DE1-BFC7-E1D59D7B196A}.Release|x64.ActiveCfg = Release|x64
		{7BDB8784-93D5-4DE1-BFC7-E1D59D7B196A}.Release|x64.Build.0 = Release|x64
		{7BDB8784-93D5-4DE1-BFC7-E1D59D7B196A}.Release|x86.ActiveCfg = Release|Any CPU
		{7BDB8784-93D5-4DE1-BFC7-E1D59D7B196A}.Release|x86.Build.0 = Release|Any CPU
		{3725774A-E126-421A-880B-6F0D04EFC27B}.Debug Launch RP|Any CPU.ActiveCfg = Debug|Any CPU
		{3725774A-E126-421A-880B-6F0D04EFC27B}.Debug Launch RP|Any CPU.Build.0 = Debug|Any CPU
		{3725774A-E126-421A-880B-6F0D04EFC27B}.Debug Launch RP|x64.ActiveCfg = Debug|x64
		{3725774A-E126-421A-880B-6F0D04EFC27B}.Debug Launch RP|x64.Build.0 = Debug|x64
		{3725774A-E126-421A-880B-6F0D04EFC27B}.Debug Launch RP|x86.ActiveCfg = Debug|Any CPU
		{3725774A-E126-421A-880B-6F0D04EFC27B}.Debug Launch RP|x86.Build.0 = Debug|Any CPU
		{3725774A-E126-421A-880B-6F0D04EFC27B}.Debug|Any CPU.ActiveCfg = Debug|Any CPU
		{3725774A-E126-421A-880B-6F0D04EFC27B}.Debug|Any CPU.Build.0 = Debug|Any CPU
		{3725774A-E126-421A-880B-6F0D04EFC27B}.Debug|x64.ActiveCfg = Debug|x64
		{3725774A-E126-421A-880B-6F0D04EFC27B}.Debug|x64.Build.0 = Debug|x64
		{3725774A-E126-421A-880B-6F0D04EFC27B}.Debug|x86.ActiveCfg = Debug|Any CPU
		{3725774A-E126-421A-880B-6F0D04EFC27B}.Debug|x86.Build.0 = Debug|Any CPU
		{3725774A-E126-421A-880B-6F0D04EFC27B}.Release|Any CPU.ActiveCfg = Release|Any CPU
		{3725774A-E126-421A-880B-6F0D04EFC27B}.Release|Any CPU.Build.0 = Release|Any CPU
		{3725774A-E126-421A-880B-6F0D04EFC27B}.Release|x64.ActiveCfg = Release|x64
		{3725774A-E126-421A-880B-6F0D04EFC27B}.Release|x64.Build.0 = Release|x64
		{3725774A-E126-421A-880B-6F0D04EFC27B}.Release|x86.ActiveCfg = Release|Any CPU
		{3725774A-E126-421A-880B-6F0D04EFC27B}.Release|x86.Build.0 = Release|Any CPU
		{9FA64930-32DA-4336-9248-5E5742A301CF}.Debug Launch RP|Any CPU.ActiveCfg = Debug|x64
		{9FA64930-32DA-4336-9248-5E5742A301CF}.Debug Launch RP|Any CPU.Build.0 = Debug|x64
		{9FA64930-32DA-4336-9248-5E5742A301CF}.Debug Launch RP|x64.ActiveCfg = Debug|x64
		{9FA64930-32DA-4336-9248-5E5742A301CF}.Debug Launch RP|x64.Build.0 = Debug|x64
		{9FA64930-32DA-4336-9248-5E5742A301CF}.Debug Launch RP|x86.ActiveCfg = Debug|x64
		{9FA64930-32DA-4336-9248-5E5742A301CF}.Debug Launch RP|x86.Build.0 = Debug|x64
		{9FA64930-32DA-4336-9248-5E5742A301CF}.Debug|Any CPU.ActiveCfg = Debug|x64
		{9FA64930-32DA-4336-9248-5E5742A301CF}.Debug|Any CPU.Build.0 = Debug|x64
		{9FA64930-32DA-4336-9248-5E5742A301CF}.Debug|x64.ActiveCfg = Debug|x64
		{9FA64930-32DA-4336-9248-5E5742A301CF}.Debug|x64.Build.0 = Debug|x64
		{9FA64930-32DA-4336-9248-5E5742A301CF}.Debug|x86.ActiveCfg = Debug|x64
		{9FA64930-32DA-4336-9248-5E5742A301CF}.Debug|x86.Build.0 = Debug|x64
		{9FA64930-32DA-4336-9248-5E5742A301CF}.Release|Any CPU.ActiveCfg = Release|x64
		{9FA64930-32DA-4336-9248-5E5742A301CF}.Release|Any CPU.Build.0 = Release|x64
		{9FA64930-32DA-4336-9248-5E5742A301CF}.Release|x64.ActiveCfg = Release|x64
		{9FA64930-32DA-4336-9248-5E5742A301CF}.Release|x64.Build.0 = Release|x64
		{9FA64930-32DA-4336-9248-5E5742A301CF}.Release|x86.ActiveCfg = Release|x64
		{9FA64930-32DA-4336-9248-5E5742A301CF}.Release|x86.Build.0 = Release|x64
		{6FC529F0-56F8-4049-8480-18633C9C6055}.Debug Launch RP|Any CPU.ActiveCfg = Debug|Any CPU
		{6FC529F0-56F8-4049-8480-18633C9C6055}.Debug Launch RP|Any CPU.Build.0 = Debug|Any CPU
		{6FC529F0-56F8-4049-8480-18633C9C6055}.Debug Launch RP|x64.ActiveCfg = Debug|x64
		{6FC529F0-56F8-4049-8480-18633C9C6055}.Debug Launch RP|x64.Build.0 = Debug|x64
		{6FC529F0-56F8-4049-8480-18633C9C6055}.Debug Launch RP|x86.ActiveCfg = Debug|Any CPU
		{6FC529F0-56F8-4049-8480-18633C9C6055}.Debug Launch RP|x86.Build.0 = Debug|Any CPU
		{6FC529F0-56F8-4049-8480-18633C9C6055}.Debug|Any CPU.ActiveCfg = Debug|Any CPU
		{6FC529F0-56F8-4049-8480-18633C9C6055}.Debug|Any CPU.Build.0 = Debug|Any CPU
		{6FC529F0-56F8-4049-8480-18633C9C6055}.Debug|x64.ActiveCfg = Debug|x64
		{6FC529F0-56F8-4049-8480-18633C9C6055}.Debug|x64.Build.0 = Debug|x64
		{6FC529F0-56F8-4049-8480-18633C9C6055}.Debug|x86.ActiveCfg = Debug|Any CPU
		{6FC529F0-56F8-4049-8480-18633C9C6055}.Debug|x86.Build.0 = Debug|Any CPU
		{6FC529F0-56F8-4049-8480-18633C9C6055}.Release|Any CPU.ActiveCfg = Release|Any CPU
		{6FC529F0-56F8-4049-8480-18633C9C6055}.Release|Any CPU.Build.0 = Release|Any CPU
		{6FC529F0-56F8-4049-8480-18633C9C6055}.Release|x64.ActiveCfg = Release|x64
		{6FC529F0-56F8-4049-8480-18633C9C6055}.Release|x64.Build.0 = Release|x64
		{6FC529F0-56F8-4049-8480-18633C9C6055}.Release|x86.ActiveCfg = Release|Any CPU
		{6FC529F0-56F8-4049-8480-18633C9C6055}.Release|x86.Build.0 = Release|Any CPU
		{725B8F13-6E32-480A-82AD-76F4030D9FC9}.Debug Launch RP|Any CPU.ActiveCfg = Debug|x64
		{725B8F13-6E32-480A-82AD-76F4030D9FC9}.Debug Launch RP|Any CPU.Build.0 = Debug|x64
		{725B8F13-6E32-480A-82AD-76F4030D9FC9}.Debug Launch RP|x64.ActiveCfg = Debug|x64
		{725B8F13-6E32-480A-82AD-76F4030D9FC9}.Debug Launch RP|x64.Build.0 = Debug|x64
		{725B8F13-6E32-480A-82AD-76F4030D9FC9}.Debug Launch RP|x86.ActiveCfg = Debug|x64
		{725B8F13-6E32-480A-82AD-76F4030D9FC9}.Debug Launch RP|x86.Build.0 = Debug|x64
		{725B8F13-6E32-480A-82AD-76F4030D9FC9}.Debug|Any CPU.ActiveCfg = Debug|x64
		{725B8F13-6E32-480A-82AD-76F4030D9FC9}.Debug|Any CPU.Build.0 = Debug|x64
		{725B8F13-6E32-480A-82AD-76F4030D9FC9}.Debug|x64.ActiveCfg = Debug|x64
		{725B8F13-6E32-480A-82AD-76F4030D9FC9}.Debug|x64.Build.0 = Debug|x64
		{725B8F13-6E32-480A-82AD-76F4030D9FC9}.Debug|x86.ActiveCfg = Debug|x64
		{725B8F13-6E32-480A-82AD-76F4030D9FC9}.Debug|x86.Build.0 = Debug|x64
		{725B8F13-6E32-480A-82AD-76F4030D9FC9}.Release|Any CPU.ActiveCfg = Release|x64
		{725B8F13-6E32-480A-82AD-76F4030D9FC9}.Release|Any CPU.Build.0 = Release|x64
		{725B8F13-6E32-480A-82AD-76F4030D9FC9}.Release|x64.ActiveCfg = Release|x64
		{725B8F13-6E32-480A-82AD-76F4030D9FC9}.Release|x64.Build.0 = Release|x64
		{725B8F13-6E32-480A-82AD-76F4030D9FC9}.Release|x86.ActiveCfg = Release|x64
		{725B8F13-6E32-480A-82AD-76F4030D9FC9}.Release|x86.Build.0 = Release|x64
		{4CD108E3-4A37-4CE8-93D2-71C96B52169F}.Debug Launch RP|Any CPU.ActiveCfg = Debug|x64
		{4CD108E3-4A37-4CE8-93D2-71C96B52169F}.Debug Launch RP|Any CPU.Build.0 = Debug|x64
		{4CD108E3-4A37-4CE8-93D2-71C96B52169F}.Debug Launch RP|x64.ActiveCfg = Debug|x64
		{4CD108E3-4A37-4CE8-93D2-71C96B52169F}.Debug Launch RP|x64.Build.0 = Debug|x64
		{4CD108E3-4A37-4CE8-93D2-71C96B52169F}.Debug Launch RP|x86.ActiveCfg = Debug|x64
		{4CD108E3-4A37-4CE8-93D2-71C96B52169F}.Debug Launch RP|x86.Build.0 = Debug|x64
		{4CD108E3-4A37-4CE8-93D2-71C96B52169F}.Debug|Any CPU.ActiveCfg = Debug|x64
		{4CD108E3-4A37-4CE8-93D2-71C96B52169F}.Debug|Any CPU.Build.0 = Debug|x64
		{4CD108E3-4A37-4CE8-93D2-71C96B52169F}.Debug|x64.ActiveCfg = Debug|x64
		{4CD108E3-4A37-4CE8-93D2-71C96B52169F}.Debug|x64.Build.0 = Debug|x64
		{4CD108E3-4A37-4CE8-93D2-71C96B52169F}.Debug|x86.ActiveCfg = Debug|x64
		{4CD108E3-4A37-4CE8-93D2-71C96B52169F}.Debug|x86.Build.0 = Debug|x64
		{4CD108E3-4A37-4CE8-93D2-71C96B52169F}.Release|Any CPU.ActiveCfg = Release|x64
		{4CD108E3-4A37-4CE8-93D2-71C96B52169F}.Release|Any CPU.Build.0 = Release|x64
		{4CD108E3-4A37-4CE8-93D2-71C96B52169F}.Release|x64.ActiveCfg = Release|x64
		{4CD108E3-4A37-4CE8-93D2-71C96B52169F}.Release|x64.Build.0 = Release|x64
		{4CD108E3-4A37-4CE8-93D2-71C96B52169F}.Release|x86.ActiveCfg = Release|x64
		{4CD108E3-4A37-4CE8-93D2-71C96B52169F}.Release|x86.Build.0 = Release|x64
	EndGlobalSection
	GlobalSection(SolutionProperties) = preSolution
		HideSolutionNode = FALSE
	EndGlobalSection
	GlobalSection(ExtensibilityGlobals) = postSolution
		SolutionGuid = {91C26F19-C4CE-4D37-A8EB-059B2F3374CF}
	EndGlobalSection
EndGlobal
